{
  "version": 4,
  "terraform_version": "1.9.0",
  "serial": 6,
  "lineage": "b6f0c3dc-3641-9166-6e96-88c01f4ee985",
  "outputs": {},
  "resources": [
    {
      "mode": "managed",
      "type": "onelogin_roles",
      "name": "imported_role",
      "provider": "provider[\"registry.terraform.io/onelogin/onelogin\"]",
      "instances": [
        {
          "schema_version": 0,
          "attributes": {
            "admins": [],
            "apps": [
              1472413,
              1324452,
              795681
            ],
            "id": "747943",
            "name": "terraform_test_role",
            "timeouts": null,
            "users": []
          },
          "sensitive_attributes": [],
          "private": "eyJlMmJmYjczMC1lY2FhLTExZTYtOGY4OC0zNDM2M2JjN2M0YzAiOnsiY3JlYXRlIjo2MDAwMDAwMDAwMDAsImRlZmF1bHQiOjYwMDAwMDAwMDAwMCwiZGVsZXRlIjo2MDAwMDAwMDAwMDAsInJlYWQiOjYwMDAwMDAwMDAwMCwidXBkYXRlIjo2MDAwMDAwMDAwMDB9LCJzY2hlbWFfdmVyc2lvbiI6IjAifQ=="
        }
      ]
    },
    {
      "mode": "managed",
      "type": "onelogin_users",
      "name": "imported_user",
      "provider": "provider[\"registry.terraform.io/onelogin/onelogin\"]",
      "instances": [
        {
          "schema_version": 0,
          "attributes": {
            "activated_at": "2024-07-09T06:11:53.751Z",
            "comment": "",
            "company": "ペンティオ株式会社",
            "created_at": null,
            "department": "",
            "directory_id": null,
            "distinguished_name": null,
            "email": "terraform@onelogin.jp",
            "external_id": null,
            "firstname": "test_updated",
            "group_id": null,
            "id": "238623000",
            "invalid_login_attempts": 0,
            "invitation_sent_at": null,
            "last_login": null,
            "lastname": "terraform",
            "locked_until": null,
            "manager_ad_id": null,
            "manager_user_id": null,
            "member_of": null,
            "password": null,
            "password_algorithm": null,
            "password_changed_at": null,
            "password_confirmation": null,
            "phone": "08012345678",
            "preferred_locale_code": null,
            "role_ids": [],
            "salt": null,
            "samaccountname": null,
            "state": 0,
            "status": 1,
            "timeouts": null,
            "title": "",
            "trusted_idp_id": null,
            "updated_at": "2024-07-09T07:05:29.362Z",
            "username": "test.terraform",
            "userprincipalname": null
          },
          "sensitive_attributes": [],
          "private": "eyJlMmJmYjczMC1lY2FhLTExZTYtOGY4OC0zNDM2M2JjN2M0YzAiOnsiY3JlYXRlIjo2MDAwMDAwMDAwMDAsImRlZmF1bHQiOjYwMDAwMDAwMDAwMCwiZGVsZXRlIjo2MDAwMDAwMDAwMDAsInJlYWQiOjYwMDAwMDAwMDAwMCwidXBkYXRlIjo2MDAwMDAwMDAwMDB9fQ=="
        }
      ]
    }
  ],
  "check_results": null
}
